
Microsoft Visual Studio Solution File, Format Version 12.00
# Visual Studio 15
VisualStudioVersion = 15.0.26730.12
MinimumVisualStudioVersion = 10.0.40219.1
Project("{FAE04EC0-301F-11D3-BF4B-00C04F79EFBC}") = "Class07Demo", "Class07Demo\Class07Demo.csproj", "{1EC7A2BB-0623-49AE-B0B9-0BEA4D9F3747}"
EndProject
Global
	GlobalSection(SolutionConfigurationPlatforms) = preSolution
		Debug|Any CPU = Debug|Any CPU
		Release|Any CPU = Release|Any CPU
	EndGlobalSection
	GlobalSection(ProjectConfigurationPlatforms) = postSolution
		{1EC7A2BB-0623-49AE-B0B9-0BEA4D9F3747}.Debug|Any CPU.ActiveCfg = Debug|Any CPU
		{1EC7A2BB-0623-49AE-B0B9-0BEA4D9F3747}.Debug|Any CPU.Build.0 = Debug|Any CPU
		{1EC7A2BB-0623-49AE-B0B9-0BEA4D9F3747}.Release|Any CPU.ActiveCfg = Release|Any CPU
		{1EC7A2BB-0623-49AE-B0B9-0BEA4D9F3747}.Release|Any CPU.Build.0 = Release|Any CPU
	EndGlobalSection
	GlobalSection(SolutionProperties) = preSolution
		HideSolutionNode = FALSE
	EndGlobalSection
	GlobalSection(ExtensibilityGlobals) = postSolution
		SolutionGuid = {5D81777A-FD86-4AA2-8268-616002DAD6B8}
	EndGlobalSection
EndGlobal
