
Microsoft Visual Studio Solution File, Format Version 12.00
# Visual Studio 15
VisualStudioVersion = 15.0.26730.12
MinimumVisualStudioVersion = 10.0.40219.1
Project("{FAE04EC0-301F-11D3-BF4B-00C04F79EFBC}") = "Class15Demo", "Class15Demo\Class15Demo.csproj", "{C906AA94-E3AE-4217-9582-107F362BA15B}"
EndProject
Global
	GlobalSection(SolutionConfigurationPlatforms) = preSolution
		Debug|Any CPU = Debug|Any CPU
		Release|Any CPU = Release|Any CPU
	EndGlobalSection
	GlobalSection(ProjectConfigurationPlatforms) = postSolution
		{C906AA94-E3AE-4217-9582-107F362BA15B}.Debug|Any CPU.ActiveCfg = Debug|Any CPU
		{C906AA94-E3AE-4217-9582-107F362BA15B}.Debug|Any CPU.Build.0 = Debug|Any CPU
		{C906AA94-E3AE-4217-9582-107F362BA15B}.Release|Any CPU.ActiveCfg = Release|Any CPU
		{C906AA94-E3AE-4217-9582-107F362BA15B}.Release|Any CPU.Build.0 = Release|Any CPU
	EndGlobalSection
	GlobalSection(SolutionProperties) = preSolution
		HideSolutionNode = FALSE
	EndGlobalSection
	GlobalSection(ExtensibilityGlobals) = postSolution
		SolutionGuid = {0177B9EC-43FF-4A8D-A144-471CBDF46713}
	EndGlobalSection
EndGlobal
