
Microsoft Visual Studio Solution File, Format Version 12.00
# Visual Studio 15
VisualStudioVersion = 15.0.26730.12
MinimumVisualStudioVersion = 10.0.40219.1
Project("{FAE04EC0-301F-11D3-BF4B-00C04F79EFBC}") = "Class19Demo", "Class19Demo\Class19Demo.csproj", "{2583A44F-BF14-4036-B711-B724CE15F272}"
EndProject
Project("{2150E333-8FDC-42A3-9474-1A3956D46DE8}") = "Tests", "Tests", "{996F5B27-FD9D-4125-9948-02FF2EE50E12}"
EndProject
Project("{FAE04EC0-301F-11D3-BF4B-00C04F79EFBC}") = "MyTests.Tests", "Tests\MyTests.Tests\MyTests.Tests.csproj", "{D62EEAEA-ABAD-4725-A5BA-50419B8F8170}"
EndProject
Global
	GlobalSection(SolutionConfigurationPlatforms) = preSolution
		Debug|Any CPU = Debug|Any CPU
		Release|Any CPU = Release|Any CPU
	EndGlobalSection
	GlobalSection(ProjectConfigurationPlatforms) = postSolution
		{2583A44F-BF14-4036-B711-B724CE15F272}.Debug|Any CPU.ActiveCfg = Debug|Any CPU
		{2583A44F-BF14-4036-B711-B724CE15F272}.Debug|Any CPU.Build.0 = Debug|Any CPU
		{2583A44F-BF14-4036-B711-B724CE15F272}.Release|Any CPU.ActiveCfg = Release|Any CPU
		{2583A44F-BF14-4036-B711-B724CE15F272}.Release|Any CPU.Build.0 = Release|Any CPU
		{D62EEAEA-ABAD-4725-A5BA-50419B8F8170}.Debug|Any CPU.ActiveCfg = Debug|Any CPU
		{D62EEAEA-ABAD-4725-A5BA-50419B8F8170}.Debug|Any CPU.Build.0 = Debug|Any CPU
		{D62EEAEA-ABAD-4725-A5BA-50419B8F8170}.Release|Any CPU.ActiveCfg = Release|Any CPU
		{D62EEAEA-ABAD-4725-A5BA-50419B8F8170}.Release|Any CPU.Build.0 = Release|Any CPU
	EndGlobalSection
	GlobalSection(SolutionProperties) = preSolution
		HideSolutionNode = FALSE
	EndGlobalSection
	GlobalSection(NestedProjects) = preSolution
		{D62EEAEA-ABAD-4725-A5BA-50419B8F8170} = {996F5B27-FD9D-4125-9948-02FF2EE50E12}
	EndGlobalSection
	GlobalSection(ExtensibilityGlobals) = postSolution
		SolutionGuid = {C7B6218C-8BF7-4517-8DDA-C7CFAFB537FE}
	EndGlobalSection
EndGlobal
