
Microsoft Visual Studio Solution File, Format Version 12.00
# Visual Studio 15
VisualStudioVersion = 15.0.26730.16
MinimumVisualStudioVersion = 10.0.40219.1
Project("{FAE04EC0-301F-11D3-BF4B-00C04F79EFBC}") = "Week8Demo", "Week8Demo\Week8Demo.csproj", "{D70E1EFD-705B-43B5-8783-3FD0C66D0299}"
EndProject
Project("{2150E333-8FDC-42A3-9474-1A3956D46DE8}") = "Tests", "Tests", "{812E25FD-9EBB-4A99-ACCF-A191E20119D5}"
EndProject
Project("{FAE04EC0-301F-11D3-BF4B-00C04F79EFBC}") = "XUnitTestProject1", "XUnitTestProject1\XUnitTestProject1.csproj", "{21BBD2AA-BE2C-4866-81DF-13E3A80CBBE5}"
EndProject
Global
	GlobalSection(SolutionConfigurationPlatforms) = preSolution
		Debug|Any CPU = Debug|Any CPU
		Release|Any CPU = Release|Any CPU
	EndGlobalSection
	GlobalSection(ProjectConfigurationPlatforms) = postSolution
		{D70E1EFD-705B-43B5-8783-3FD0C66D0299}.Debug|Any CPU.ActiveCfg = Debug|Any CPU
		{D70E1EFD-705B-43B5-8783-3FD0C66D0299}.Debug|Any CPU.Build.0 = Debug|Any CPU
		{D70E1EFD-705B-43B5-8783-3FD0C66D0299}.Release|Any CPU.ActiveCfg = Release|Any CPU
		{D70E1EFD-705B-43B5-8783-3FD0C66D0299}.Release|Any CPU.Build.0 = Release|Any CPU
		{21BBD2AA-BE2C-4866-81DF-13E3A80CBBE5}.Debug|Any CPU.ActiveCfg = Debug|Any CPU
		{21BBD2AA-BE2C-4866-81DF-13E3A80CBBE5}.Debug|Any CPU.Build.0 = Debug|Any CPU
		{21BBD2AA-BE2C-4866-81DF-13E3A80CBBE5}.Release|Any CPU.ActiveCfg = Release|Any CPU
		{21BBD2AA-BE2C-4866-81DF-13E3A80CBBE5}.Release|Any CPU.Build.0 = Release|Any CPU
	EndGlobalSection
	GlobalSection(SolutionProperties) = preSolution
		HideSolutionNode = FALSE
	EndGlobalSection
	GlobalSection(NestedProjects) = preSolution
		{21BBD2AA-BE2C-4866-81DF-13E3A80CBBE5} = {812E25FD-9EBB-4A99-ACCF-A191E20119D5}
	EndGlobalSection
	GlobalSection(ExtensibilityGlobals) = postSolution
		SolutionGuid = {F5658B0E-EA69-4F38-9C9F-C9FB6B527D59}
	EndGlobalSection
EndGlobal
